
Microsoft Visual Studio Solution File, Format Version 12.00
# Visual Studio Version 16
VisualStudioVersion = 16.0.31321.278
MinimumVisualStudioVersion = 10.0.40219.1
Project("{FAE04EC0-301F-11D3-BF4B-00C04F79EFBC}") = "this is baba", "this is baba\this is baba.csproj", "{0F683E85-84D7-4001-9752-E4A9A470D0F0}"
EndProject
Global
	GlobalSection(SolutionConfigurationPlatforms) = preSolution
		Debug|Any CPU = Debug|Any CPU
		Release|Any CPU = Release|Any CPU
	EndGlobalSection
	GlobalSection(ProjectConfigurationPlatforms) = postSolution
		{0F683E85-84D7-4001-9752-E4A9A470D0F0}.Debug|Any CPU.ActiveCfg = Debug|Any CPU
		{0F683E85-84D7-4001-9752-E4A9A470D0F0}.Debug|Any CPU.Build.0 = Debug|Any CPU
		{0F683E85-84D7-4001-9752-E4A9A470D0F0}.Release|Any CPU.ActiveCfg = Release|Any CPU
		{0F683E85-84D7-4001-9752-E4A9A470D0F0}.Release|Any CPU.Build.0 = Release|Any CPU
	EndGlobalSection
	GlobalSection(SolutionProperties) = preSolution
		HideSolutionNode = FALSE
	EndGlobalSection
	GlobalSection(ExtensibilityGlobals) = postSolution
		SolutionGuid = {57801160-FC55-4E7F-AF84-C69E8049990B}
	EndGlobalSection
EndGlobal
